
Microsoft Visual Studio Solution File, Format Version 12.00
# Visual Studio Version 17
VisualStudioVersion = 17.11.35208.52
MinimumVisualStudioVersion = 10.0.40219.1
Project("{FAE04EC0-301F-11D3-BF4B-00C04F79EFBC}") = "my-books", "my-books\my-books.csproj", "{A3A99991-FA91-4D34-B61D-AEEC218F791A}"
EndProject
Global
	GlobalSection(SolutionConfigurationPlatforms) = preSolution
		Debug|Any CPU = Debug|Any CPU
		Release|Any CPU = Release|Any CPU
	EndGlobalSection
	GlobalSection(ProjectConfigurationPlatforms) = postSolution
		{A3A99991-FA91-4D34-B61D-AEEC218F791A}.Debug|Any CPU.ActiveCfg = Debug|Any CPU
		{A3A99991-FA91-4D34-B61D-AEEC218F791A}.Debug|Any CPU.Build.0 = Debug|Any CPU
		{A3A99991-FA91-4D34-B61D-AEEC218F791A}.Release|Any CPU.ActiveCfg = Release|Any CPU
		{A3A99991-FA91-4D34-B61D-AEEC218F791A}.Release|Any CPU.Build.0 = Release|Any CPU
	EndGlobalSection
	GlobalSection(SolutionProperties) = preSolution
		HideSolutionNode = FALSE
	EndGlobalSection
	GlobalSection(ExtensibilityGlobals) = postSolution
		SolutionGuid = {0C31BA63-6EE1-44E2-BC01-56237DCBA494}
	EndGlobalSection
EndGlobal
